{
  "name": "hacker-news-ts",
  "version": "1.0.0",
  "lockfileVersion": 1,
  "requires": true,
  "dependencies": {
    "@hapi/address": {
      "version": "2.0.0",
      "resolved": "https://registry.npmjs.org/@hapi/address/-/address-2.0.0.tgz",
      "integrity": "sha512-mV6T0IYqb0xL1UALPFplXYQmR0twnXG0M6jUswpquqT2sD12BOiCiLy3EvMp/Fy7s3DZElC4/aPjEjo2jeZpvw=="
    },
    "@hapi/hoek": {
      "version": "6.2.1",
      "resolved": "https://registry.npmjs.org/@hapi/hoek/-/hoek-6.2.1.tgz",
      "integrity": "sha512-+ryw4GU9pjr1uT6lBuErHJg3NYqzwJTvZ75nKuJijEzpd00Uqi6oiawTGDDf5Hl0zWmI7qHfOtaqB0kpQZJQzA=="
    },
    "@hapi/joi": {
      "version": "15.0.1",
      "resolved": "https://registry.npmjs.org/@hapi/joi/-/joi-15.0.1.tgz",
      "integrity": "sha512-6RLoFusVbSkKjo51IGy7TT72TYKaks3OLKRV4Wy4E8f0Vt2oqKBgtG+8VMnbruy+M4iLItiLYjETX7mQqklObQ==",
      "requires": {
        "@hapi/address": "2.x.x",
        "@hapi/hoek": "6.x.x",
        "@hapi/topo": "3.x.x"
      }
    },
    "@hapi/topo": {
      "version": "3.1.0",
      "resolved": "https://registry.npmjs.org/@hapi/topo/-/topo-3.1.0.tgz",
      "integrity": "sha512-gZDI/eXOIk8kP2PkUKjWu9RW8GGVd2Hkgjxyr/S7Z+JF+0mr7bAlbw+DkTRxnD580o8Kqxlnba9wvqp5aOHBww==",
      "requires": {
        "@hapi/hoek": "6.x.x"
      }
    },
    "@types/node": {
      "version": "12.0.0",
      "resolved": "https://registry.npmjs.org/@types/node/-/node-12.0.0.tgz",
      "integrity": "sha512-Jrb/x3HT4PTJp6a4avhmJCDEVrPdqLfl3e8GGMbpkGGdwAV5UGlIs4vVEfsHHfylZVOKZWpOqmqFH8CbfOZ6kg==",
      "dev": true
    },
    "@types/node-fetch": {
      "version": "2.3.3",
      "resolved": "https://registry.npmjs.org/@types/node-fetch/-/node-fetch-2.3.3.tgz",
      "integrity": "sha512-MIplfRxrDTsIbOLGyFqNWTmxho5Fs710Kul35tEcaqkx9He86mGbSCDvILL0LCMfmm+oJ8tDg51crE9+pJGgiQ==",
      "dev": true,
      "requires": {
        "@types/node": "*"
      }
    },
    "fp-ts": {
      "version": "1.17.3",
      "resolved": "https://registry.npmjs.org/fp-ts/-/fp-ts-1.17.3.tgz",
      "integrity": "sha512-r4gHfAWaRrYPsmdzRl1U9CkpbdOi8fPg5F5KiazAadENz5DKdWEaCDPl2Tf92fvkZGD/ekZ3EHu3gtXIVcsXtA=="
    },
    "io-ts": {
      "version": "1.8.5",
      "resolved": "https://registry.npmjs.org/io-ts/-/io-ts-1.8.5.tgz",
      "integrity": "sha512-4HzDeg7mTygFjFIKh7ajBSanoVaFryYSFI0ocdwndSWl3eWQXhg3wVR0WI+Li5Vq11TIsoIngQszVbN4dy//9A==",
      "requires": {
        "fp-ts": "^1.0.0"
      }
    },
    "io-ts-reporters": {
      "version": "0.0.21",
      "resolved": "https://registry.npmjs.org/io-ts-reporters/-/io-ts-reporters-0.0.21.tgz",
      "integrity": "sha512-HRAYn4IVkRbnL9Uy9WDB/1+0lorRZvE239LMdc0ditN8OhsPg+0vKnqchkGhZ/vyTzLC5CZLO4AZ4xreirkIkA==",
      "requires": {
        "fp-ts": "^1.0.1",
        "io-ts": "^1.0.2"
      },
      "dependencies": {
        "io-ts": {
          "version": "1.8.5",
          "resolved": "https://registry.npmjs.org/io-ts/-/io-ts-1.8.5.tgz",
          "integrity": "sha512-4HzDeg7mTygFjFIKh7ajBSanoVaFryYSFI0ocdwndSWl3eWQXhg3wVR0WI+Li5Vq11TIsoIngQszVbN4dy//9A==",
          "requires": {
            "fp-ts": "^1.0.0"
          }
        }
      }
    },
    "io-ts-types": {
      "version": "0.4.7",
      "resolved": "https://registry.npmjs.org/io-ts-types/-/io-ts-types-0.4.7.tgz",
      "integrity": "sha512-VZ34RWV2ymbtboB0Ki6NPMiyhogGfRzHpyJrpez3auUMacTtX8b1UhW/ct+/zBYgXnE2txaeXowdQPt6BXY0wg=="
    },
    "node-fetch": {
      "version": "2.5.0",
      "resolved": "https://registry.npmjs.org/node-fetch/-/node-fetch-2.5.0.tgz",
      "integrity": "sha512-YuZKluhWGJwCcUu4RlZstdAxr8bFfOVHakc1mplwHkk8J+tqM1Y5yraYvIUpeX8aY7+crCwiELJq7Vl0o0LWXw=="
    },
    "prettier": {
      "version": "1.17.0",
      "resolved": "https://registry.npmjs.org/prettier/-/prettier-1.17.0.tgz",
      "integrity": "sha512-sXe5lSt2WQlCbydGETgfm1YBShgOX4HxQkFPvbxkcwgDvGDeqVau8h+12+lmSVlP3rHPz0oavfddSZg/q+Szjw==",
      "dev": true
    },
    "reflect-metadata": {
      "version": "0.1.13",
      "resolved": "https://registry.npmjs.org/reflect-metadata/-/reflect-metadata-0.1.13.tgz",
      "integrity": "sha512-Ts1Y/anZELhSsjMcU605fU9RE4Oi3p5ORujwbIKXfWa+0Zxs510Qrmrce5/Jowq3cHSZSJqBjypxmHarc+vEWg=="
    },
    "runtypes": {
      "version": "3.2.0",
      "resolved": "https://registry.npmjs.org/runtypes/-/runtypes-3.2.0.tgz",
      "integrity": "sha512-Xtw/51Z/1kmCQwoI8f8pdo4TIkqQhAShOnwNzioxG8nfyDWD6hAUWB/hPP2JeGrOn3YAPHcqeja65sh6PjKHkA==",
      "requires": {
        "reflect-metadata": "^0.1.12"
      }
    },
    "typescript": {
      "version": "3.3.4000",
      "resolved": "https://registry.npmjs.org/typescript/-/typescript-3.3.4000.tgz",
      "integrity": "sha512-jjOcCZvpkl2+z7JFn0yBOoLQyLoIkNZAs/fYJkUG6VKy6zLPHJGfQJYFHzibB6GJaF/8QrcECtlQ5cpvRHSMEA==",
      "dev": true
    }
  }
}
