# THIS IS AN AUTOGENERATED FILE. DO NOT EDIT THIS FILE DIRECTLY.
# yarn lockfile v1


"@types/node-fetch@^2.3.3":
  version "2.3.3"
  resolved "https://registry.yarnpkg.com/@types/node-fetch/-/node-fetch-2.3.3.tgz#eb9c2a0ce8e9424ebe0c0cbe6f1e8ea7576c1310"
  integrity sha512-MIplfRxrDTsIbOLGyFqNWTmxho5Fs710Kul35tEcaqkx9He86mGbSCDvILL0LCMfmm+oJ8tDg51crE9+pJGgiQ==
  dependencies:
    "@types/node" "*"

"@types/node@*":
  version "9.4.6"
  resolved "https://registry.yarnpkg.com/@types/node/-/node-9.4.6.tgz#d8176d864ee48753d053783e4e463aec86b8d82e"

fp-ts@^1.0.0, fp-ts@^1.0.1:
  version "1.1.0"
  resolved "https://registry.yarnpkg.com/fp-ts/-/fp-ts-1.1.0.tgz#641c780a4c38f5a35ca471afb859ec6a5023e610"

io-ts-reporters@^0.0.21:
  version "0.0.21"
  resolved "https://registry.yarnpkg.com/io-ts-reporters/-/io-ts-reporters-0.0.21.tgz#b0be3eec37a3d7da77aeafa257c68bd2afbbc4af"
  integrity sha512-HRAYn4IVkRbnL9Uy9WDB/1+0lorRZvE239LMdc0ditN8OhsPg+0vKnqchkGhZ/vyTzLC5CZLO4AZ4xreirkIkA==
  dependencies:
    fp-ts "^1.0.1"
    io-ts "^1.0.2"

io-ts@^1.0.2:
  version "1.0.5"
  resolved "https://registry.yarnpkg.com/io-ts/-/io-ts-1.0.5.tgz#dec6032f8febb4e8a6c614230823accb50f802fe"
  dependencies:
    fp-ts "^1.0.0"

io-ts@^1.8.5:
  version "1.8.5"
  resolved "https://registry.yarnpkg.com/io-ts/-/io-ts-1.8.5.tgz#2e102f7f518abe17b0f7e7ede0db54a4c4ddc188"
  integrity sha512-4HzDeg7mTygFjFIKh7ajBSanoVaFryYSFI0ocdwndSWl3eWQXhg3wVR0WI+Li5Vq11TIsoIngQszVbN4dy//9A==
  dependencies:
    fp-ts "^1.0.0"

node-fetch@^2.5.0:
  version "2.5.0"
  resolved "https://registry.yarnpkg.com/node-fetch/-/node-fetch-2.5.0.tgz#8028c49fc1191bba56a07adc6e2a954644a48501"
  integrity sha512-YuZKluhWGJwCcUu4RlZstdAxr8bFfOVHakc1mplwHkk8J+tqM1Y5yraYvIUpeX8aY7+crCwiELJq7Vl0o0LWXw==

prettier@^1.17.0:
  version "1.17.0"
  resolved "https://registry.yarnpkg.com/prettier/-/prettier-1.17.0.tgz#53b303676eed22cc14a9f0cec09b477b3026c008"
  integrity sha512-sXe5lSt2WQlCbydGETgfm1YBShgOX4HxQkFPvbxkcwgDvGDeqVau8h+12+lmSVlP3rHPz0oavfddSZg/q+Szjw==

typescript@^3.4.5:
  version "3.4.5"
  resolved "https://registry.yarnpkg.com/typescript/-/typescript-3.4.5.tgz#2d2618d10bb566572b8d7aad5180d84257d70a99"
  integrity sha512-YycBxUb49UUhdNMU5aJ7z5Ej2XGmaIBL0x34vZ82fn3hGvD+bgrMrVDpatgz2f7YxUMJxMkbWxJZeAvDxVe7Vw==
