# THIS IS AN AUTOGENERATED FILE. DO NOT EDIT THIS FILE DIRECTLY.
# yarn lockfile v1


"@types/node-fetch@^2.3.3":
  version "2.3.3"
  resolved "https://registry.yarnpkg.com/@types/node-fetch/-/node-fetch-2.3.3.tgz#eb9c2a0ce8e9424ebe0c0cbe6f1e8ea7576c1310"
  integrity sha512-MIplfRxrDTsIbOLGyFqNWTmxho5Fs710Kul35tEcaqkx9He86mGbSCDvILL0LCMfmm+oJ8tDg51crE9+pJGgiQ==
  dependencies:
    "@types/node" "*"

"@types/node@*":
  version "9.4.6"
  resolved "https://registry.yarnpkg.com/@types/node/-/node-9.4.6.tgz#d8176d864ee48753d053783e4e463aec86b8d82e"

babel-runtime@^6.26.0:
  version "6.26.0"
  resolved "https://registry.yarnpkg.com/babel-runtime/-/babel-runtime-6.26.0.tgz#965c7058668e82b55d7bfe04ff2337bc8b5647fe"
  dependencies:
    core-js "^2.4.0"
    regenerator-runtime "^0.11.0"

core-js@^2.4.0:
  version "2.5.3"
  resolved "https://registry.yarnpkg.com/core-js/-/core-js-2.5.3.tgz#8acc38345824f16d8365b7c9b4259168e8ed603e"

find-up@^3.0.0:
  version "3.0.0"
  resolved "https://registry.yarnpkg.com/find-up/-/find-up-3.0.0.tgz#49169f1d7993430646da61ecc5ae355c21c97b73"
  integrity sha512-1yD6RmLI1XBfxugvORwlck6f75tYL+iR0jqwsOrOxMZyGYqUuDhJ0l4AXdO1iX/FTs9cBAMEk1gWSEx1kSbylg==
  dependencies:
    locate-path "^3.0.0"

fp-ts@^1.0.0, fp-ts@^1.0.1:
  version "1.1.0"
  resolved "https://registry.yarnpkg.com/fp-ts/-/fp-ts-1.1.0.tgz#641c780a4c38f5a35ca471afb859ec6a5023e610"

get-stdin@^6.0.0:
  version "6.0.0"
  resolved "https://registry.yarnpkg.com/get-stdin/-/get-stdin-6.0.0.tgz#9e09bf712b360ab9225e812048f71fde9c89657b"
  integrity sha512-jp4tHawyV7+fkkSKyvjuLZswblUtz+SQKzSWnBbii16BuZksJlU1wuBYXY75r+duh/llF1ur6oNwi+2ZzjKZ7g==

io-ts-reporters@^0.0.21:
  version "0.0.21"
  resolved "https://registry.yarnpkg.com/io-ts-reporters/-/io-ts-reporters-0.0.21.tgz#b0be3eec37a3d7da77aeafa257c68bd2afbbc4af"
  integrity sha512-HRAYn4IVkRbnL9Uy9WDB/1+0lorRZvE239LMdc0ditN8OhsPg+0vKnqchkGhZ/vyTzLC5CZLO4AZ4xreirkIkA==
  dependencies:
    fp-ts "^1.0.1"
    io-ts "^1.0.2"

io-ts@^1.0.2:
  version "1.0.5"
  resolved "https://registry.yarnpkg.com/io-ts/-/io-ts-1.0.5.tgz#dec6032f8febb4e8a6c614230823accb50f802fe"
  dependencies:
    fp-ts "^1.0.0"

io-ts@^1.8.5:
  version "1.8.5"
  resolved "https://registry.yarnpkg.com/io-ts/-/io-ts-1.8.5.tgz#2e102f7f518abe17b0f7e7ede0db54a4c4ddc188"
  integrity sha512-4HzDeg7mTygFjFIKh7ajBSanoVaFryYSFI0ocdwndSWl3eWQXhg3wVR0WI+Li5Vq11TIsoIngQszVbN4dy//9A==
  dependencies:
    fp-ts "^1.0.0"

locate-path@^3.0.0:
  version "3.0.0"
  resolved "https://registry.yarnpkg.com/locate-path/-/locate-path-3.0.0.tgz#dbec3b3ab759758071b58fe59fc41871af21400e"
  integrity sha512-7AO748wWnIhNqAuaty2ZWHkQHRSNfPVIsPIfwEOWO22AmaoVrWavlOcMR5nzTLNYvp36X220/maaRsrec1G65A==
  dependencies:
    p-locate "^3.0.0"
    path-exists "^3.0.0"

minimist@^1.2.0:
  version "1.2.0"
  resolved "https://registry.yarnpkg.com/minimist/-/minimist-1.2.0.tgz#a35008b20f41383eec1fb914f4cd5df79a264284"

node-fetch@^2.5.0:
  version "2.5.0"
  resolved "https://registry.yarnpkg.com/node-fetch/-/node-fetch-2.5.0.tgz#8028c49fc1191bba56a07adc6e2a954644a48501"
  integrity sha512-YuZKluhWGJwCcUu4RlZstdAxr8bFfOVHakc1mplwHkk8J+tqM1Y5yraYvIUpeX8aY7+crCwiELJq7Vl0o0LWXw==

p-limit@^2.0.0:
  version "2.2.0"
  resolved "https://registry.yarnpkg.com/p-limit/-/p-limit-2.2.0.tgz#417c9941e6027a9abcba5092dd2904e255b5fbc2"
  integrity sha512-pZbTJpoUsCzV48Mc9Nh51VbwO0X9cuPFE8gYwx9BTCt9SF8/b7Zljd2fVgOxhIF/HDTKgpVzs+GPhyKfjLLFRQ==
  dependencies:
    p-try "^2.0.0"

p-locate@^3.0.0:
  version "3.0.0"
  resolved "https://registry.yarnpkg.com/p-locate/-/p-locate-3.0.0.tgz#322d69a05c0264b25997d9f40cd8a891ab0064a4"
  integrity sha512-x+12w/To+4GFfgJhBEpiDcLozRJGegY+Ei7/z0tSLkMmxGZNybVMSfWj9aJn8Z5Fc7dBUNJOOVgPv2H7IwulSQ==
  dependencies:
    p-limit "^2.0.0"

p-try@^2.0.0:
  version "2.2.0"
  resolved "https://registry.yarnpkg.com/p-try/-/p-try-2.2.0.tgz#cb2868540e313d61de58fafbe35ce9004d5540e6"
  integrity sha512-R4nPAVTAU0B9D35/Gk3uJf/7XYbQcyohSKdvAxIRSNghFl4e71hVoGnBNQz9cWaXxO2I10KTC+3jMdvvoKw6dQ==

path-exists@^3.0.0:
  version "3.0.0"
  resolved "https://registry.yarnpkg.com/path-exists/-/path-exists-3.0.0.tgz#ce0ebeaa5f78cb18925ea7d810d7b59b010fd515"

prettier-standard@^9.1.1:
  version "9.1.1"
  resolved "https://registry.yarnpkg.com/prettier-standard/-/prettier-standard-9.1.1.tgz#31926843d6d2b428fbecb3aceea59e872947d016"
  integrity sha512-d23Hbdf7tIJ5qeEPEv+7B9cGGczJBOyq188kiKGPk/lvlrM3J8umWC8rR9LIbWmuMzbl5iDSL7kG1/wZgh3EYg==
  dependencies:
    find-up "^3.0.0"
    get-stdin "^6.0.0"
    minimist "^1.2.0"
    prettierx "0.3.0"
    stream-mock "1.2.0"

prettierx@0.3.0:
  version "0.3.0"
  resolved "https://registry.yarnpkg.com/prettierx/-/prettierx-0.3.0.tgz#7c8bd8b809507bf9ba503729e6c24af152a58136"
  integrity sha512-cMtPQ1+mhWsMPAJycwUqVYQBL30TrVJnVz8K888WN67mpXMHAHGY53jLgFR2Pr3v3YE8Rz9kxZCB7S7vAfz1iA==

regenerator-runtime@^0.11.0:
  version "0.11.1"
  resolved "https://registry.yarnpkg.com/regenerator-runtime/-/regenerator-runtime-0.11.1.tgz#be05ad7f9bf7d22e056f9726cee5017fbf19e2e9"

stream-mock@1.2.0:
  version "1.2.0"
  resolved "https://registry.yarnpkg.com/stream-mock/-/stream-mock-1.2.0.tgz#f68b5523c0e1cfe619ea09d7d1097290f405b96a"
  integrity sha1-9otVI8Dhz+YZ6gnX0QlykPQFuWo=
  dependencies:
    babel-runtime "^6.26.0"

typescript@^3.4.5:
  version "3.4.5"
  resolved "https://registry.yarnpkg.com/typescript/-/typescript-3.4.5.tgz#2d2618d10bb566572b8d7aad5180d84257d70a99"
  integrity sha512-YycBxUb49UUhdNMU5aJ7z5Ej2XGmaIBL0x34vZ82fn3hGvD+bgrMrVDpatgz2f7YxUMJxMkbWxJZeAvDxVe7Vw==
